// !$*UTF8*$!
{
	archiveVersion = 1;
	classes = {
	};
	objectVersion = 56;
	objects = {

/* Begin PBXBuildFile section */
		8B2C565D2A3D855E00076375 /* finalprojectApp.swift in Sources */ = {isa = PBXBuildFile; fileRef = 8B2C565C2A3D855E00076375 /* finalprojectApp.swift */; };
		8B2C565F2A3D855E00076375 /* ContentView.swift in Sources */ = {isa = PBXBuildFile; fileRef = 8B2C565E2A3D855E00076375 /* ContentView.swift */; };
		8B2C56612A3D856000076375 /* Assets.xcassets in Resources */ = {isa = PBXBuildFile; fileRef = 8B2C56602A3D856000076375 /* Assets.xcassets */; };
		8B2C56642A3D856000076375 /* Preview Assets.xcassets in Resources */ = {isa = PBXBuildFile; fileRef = 8B2C56632A3D856000076375 /* Preview Assets.xcassets */; };
		8B2C56662A3D856000076375 /* Persistence.swift in Sources */ = {isa = PBXBuildFile; fileRef = 8B2C56652A3D856000076375 /* Persistence.swift */; };
		8B2C56692A3D856000076375 /* finalproject.xcdatamodeld in Sources */ = {isa = PBXBuildFile; fileRef = 8B2C56672A3D856000076375 /* finalproject.xcdatamodeld */; };
		8B2C56702A3EE7AF00076375 /* AddView.swift in Sources */ = {isa = PBXBuildFile; fileRef = 8B2C566F2A3EE7AF00076375 /* AddView.swift */; };
		8B2C56722A3EE7CD00076375 /* HomeView.swift in Sources */ = {isa = PBXBuildFile; fileRef = 8B2C56712A3EE7CD00076375 /* HomeView.swift */; };
		8B2C56742A3EF18F00076375 /* FoodItem.swift in Sources */ = {isa = PBXBuildFile; fileRef = 8B2C56732A3EF18F00076375 /* FoodItem.swift */; };
		8B2C56782A3F31CF00076375 /* ProfileView.swift in Sources */ = {isa = PBXBuildFile; fileRef = 8B2C56772A3F31CF00076375 /* ProfileView.swift */; };
		8B2C56812A3FD70300076375 /* Launch Screen.storyboard in Resources */ = {isa = PBXBuildFile; fileRef = 8B2C56802A3FD70300076375 /* Launch Screen.storyboard */; };
		8B2C56832A3FF76900076375 /* StatisticView.swift in Sources */ = {isa = PBXBuildFile; fileRef = 8B2C56822A3FF76900076375 /* StatisticView.swift */; };
/* End PBXBuildFile section */

/* Begin PBXFileReference section */
		8B2C56592A3D855E00076375 /* finalproject.app */ = {isa = PBXFileReference; explicitFileType = wrapper.application; includeInIndex = 0; path = finalproject.app; sourceTree = BUILT_PRODUCTS_DIR; };
		8B2C565C2A3D855E00076375 /* finalprojectApp.swift */ = {isa = PBXFileReference; lastKnownFileType = sourcecode.swift; path = finalprojectApp.swift; sourceTree = "<group>"; };
		8B2C565E2A3D855E00076375 /* ContentView.swift */ = {isa = PBXFileReference; lastKnownFileType = sourcecode.swift; path = ContentView.swift; sourceTree = "<group>"; };
		8B2C56602A3D856000076375 /* Assets.xcassets */ = {isa = PBXFileReference; lastKnownFileType = folder.assetcatalog; path = Assets.xcassets; sourceTree = "<group>"; };
		8B2C56632A3D856000076375 /* Preview Assets.xcassets */ = {isa = PBXFileReference; lastKnownFileType = folder.assetcatalog; path = "Preview Assets.xcassets"; sourceTree = "<group>"; };
		8B2C56652A3D856000076375 /* Persistence.swift */ = {isa = PBXFileReference; lastKnownFileType = sourcecode.swift; path = Persistence.swift; sourceTree = "<group>"; };
		8B2C56682A3D856000076375 /* finalproject.xcdatamodel */ = {isa = PBXFileReference; lastKnownFileType = wrapper.xcdatamodel; path = finalproject.xcdatamodel; sourceTree = "<group>"; };
		8B2C566F2A3EE7AF00076375 /* AddView.swift */ = {isa = PBXFileReference; lastKnownFileType = sourcecode.swift; path = AddView.swift; sourceTree = "<group>"; };
		8B2C56712A3EE7CD00076375 /* HomeView.swift */ = {isa = PBXFileReference; lastKnownFileType = sourcecode.swift; path = HomeView.swift; sourceTree = "<group>"; };
		8B2C56732A3EF18F00076375 /* FoodItem.swift */ = {isa = PBXFileReference; lastKnownFileType = sourcecode.swift; path = FoodItem.swift; sourceTree = "<group>"; };
		8B2C56772A3F31CF00076375 /* ProfileView.swift */ = {isa = PBXFileReference; lastKnownFileType = sourcecode.swift; path = ProfileView.swift; sourceTree = "<group>"; };
		8B2C567F2A3FD3CA00076375 /* Info.plist */ = {isa = PBXFileReference; lastKnownFileType = text.plist; path = Info.plist; sourceTree = "<group>"; };
		8B2C56802A3FD70300076375 /* Launch Screen.storyboard */ = {isa = PBXFileReference; lastKnownFileType = file.storyboard; path = "Launch Screen.storyboard"; sourceTree = "<group>"; };
		8B2C56822A3FF76900076375 /* StatisticView.swift */ = {isa = PBXFileReference; lastKnownFileType = sourcecode.swift; path = StatisticView.swift; sourceTree = "<group>"; };
/* End PBXFileReference section */

/* Begin PBXFrameworksBuildPhase section */
		8B2C56562A3D855E00076375 /* Frameworks */ = {
			isa = PBXFrameworksBuildPhase;
			buildActionMask = 2147483647;
			files = (
			);
			runOnlyForDeploymentPostprocessing = 0;
		};
/* End PBXFrameworksBuildPhase section */

/* Begin PBXGroup section */
		8B2C56502A3D855E00076375 = {
			isa = PBXGroup;
			children = (
				8B2C565B2A3D855E00076375 /* finalproject */,
				8B2C565A2A3D855E00076375 /* Products */,
			);
			sourceTree = "<group>";
		};
		8B2C565A2A3D855E00076375 /* Products */ = {
			isa = PBXGroup;
			children = (
				8B2C56592A3D855E00076375 /* finalproject.app */,
			);
			name = Products;
			sourceTree = "<group>";
		};
		8B2C565B2A3D855E00076375 /* finalproject */ = {
			isa = PBXGroup;
			children = (
				8B2C567F2A3FD3CA00076375 /* Info.plist */,
				8B2C565C2A3D855E00076375 /* finalprojectApp.swift */,
				8B2C565E2A3D855E00076375 /* ContentView.swift */,
				8B2C56602A3D856000076375 /* Assets.xcassets */,
				8B2C56652A3D856000076375 /* Persistence.swift */,
				8B2C56672A3D856000076375 /* finalproject.xcdatamodeld */,
				8B2C56622A3D856000076375 /* Preview Content */,
				8B2C566F2A3EE7AF00076375 /* AddView.swift */,
				8B2C56712A3EE7CD00076375 /* HomeView.swift */,
				8B2C56732A3EF18F00076375 /* FoodItem.swift */,
				8B2C56772A3F31CF00076375 /* ProfileView.swift */,
				8B2C56802A3FD70300076375 /* Launch Screen.storyboard */,
				8B2C56822A3FF76900076375 /* StatisticView.swift */,
			);
			path = finalproject;
			sourceTree = "<group>";
		};
		8B2C56622A3D856000076375 /* Preview Content */ = {
			isa = PBXGroup;
			children = (
				8B2C56632A3D856000076375 /* Preview Assets.xcassets */,
			);
			path = "Preview Content";
			sourceTree = "<group>";
		};
/* End PBXGroup section */

/* Begin PBXNativeTarget section */
		8B2C56582A3D855E00076375 /* finalproject */ = {
			isa = PBXNativeTarget;
			buildConfigurationList = 8B2C566C2A3D856000076375 /* Build configuration list for PBXNativeTarget "finalproject" */;
			buildPhases = (
				8B2C56552A3D855E00076375 /* Sources */,
				8B2C56562A3D855E00076375 /* Frameworks */,
				8B2C56572A3D855E00076375 /* Resources */,
			);
			buildRules = (
			);
			dependencies = (
			);
			name = finalproject;
			productName = finalproject;
			productReference = 8B2C56592A3D855E00076375 /* finalproject.app */;
			productType = "com.apple.product-type.application";
		};
/* End PBXNativeTarget section */

/* Begin PBXProject section */
		8B2C56512A3D855E00076375 /* Project object */ = {
			isa = PBXProject;
			attributes = {
				BuildIndependentTargetsInParallel = 1;
				LastSwiftUpdateCheck = 1420;
				LastUpgradeCheck = 1420;
				TargetAttributes = {
					8B2C56582A3D855E00076375 = {
						CreatedOnToolsVersion = 14.2;
					};
				};
			};
			buildConfigurationList = 8B2C56542A3D855E00076375 /* Build configuration list for PBXProject "finalproject" */;
			compatibilityVersion = "Xcode 14.0";
			developmentRegion = en;
			hasScannedForEncodings = 0;
			knownRegions = (
				en,
				Base,
			);
			mainGroup = 8B2C56502A3D855E00076375;
			productRefGroup = 8B2C565A2A3D855E00076375 /* Products */;
			projectDirPath = "";
			projectRoot = "";
			targets = (
				8B2C56582A3D855E00076375 /* finalproject */,
			);
		};
/* End PBXProject section */

/* Begin PBXResourcesBuildPhase section */
		8B2C56572A3D855E00076375 /* Resources */ = {
			isa = PBXResourcesBuildPhase;
			buildActionMask = 2147483647;
			files = (
				8B2C56642A3D856000076375 /* Preview Assets.xcassets in Resources */,
				8B2C56812A3FD70300076375 /* Launch Screen.storyboard in Resources */,
				8B2C56612A3D856000076375 /* Assets.xcassets in Resources */,
			);
			runOnlyForDeploymentPostprocessing = 0;
		};
/* End PBXResourcesBuildPhase section */

/* Begin PBXSourcesBuildPhase section */
		8B2C56552A3D855E00076375 /* Sources */ = {
			isa = PBXSourcesBuildPhase;
			buildActionMask = 2147483647;
			files = (
				8B2C56782A3F31CF00076375 /* ProfileView.swift in Sources */,
				8B2C56742A3EF18F00076375 /* FoodItem.swift in Sources */,
				8B2C56662A3D856000076375 /* Persistence.swift in Sources */,
				8B2C565F2A3D855E00076375 /* ContentView.swift in Sources */,
				8B2C56702A3EE7AF00076375 /* AddView.swift in Sources */,
				8B2C56722A3EE7CD00076375 /* HomeView.swift in Sources */,
				8B2C56692A3D856000076375 /* finalproject.xcdatamodeld in Sources */,
				8B2C56832A3FF76900076375 /* StatisticView.swift in Sources */,
				8B2C565D2A3D855E00076375 /* finalprojectApp.swift in Sources */,
			);
			runOnlyForDeploymentPostprocessing = 0;
		};
/* End PBXSourcesBuildPhase section */

/* Begin XCBuildConfiguration section */
		8B2C566A2A3D856000076375 /* Debug */ = {
			isa = XCBuildConfiguration;
			buildSettings = {
				ALWAYS_SEARCH_USER_PATHS = NO;
				CLANG_ANALYZER_NONNULL = YES;
				CLANG_ANALYZER_NUMBER_OBJECT_CONVERSION = YES_AGGRESSIVE;
				CLANG_CXX_LANGUAGE_STANDARD = "gnu++20";
				CLANG_ENABLE_MODULES = YES;
				CLANG_ENABLE_OBJC_ARC = YES;
				CLANG_ENABLE_OBJC_WEAK = YES;
				CLANG_WARN_BLOCK_CAPTURE_AUTORELEASING = YES;
				CLANG_WARN_BOOL_CONVERSION = YES;
				CLANG_WARN_COMMA = YES;
				CLANG_WARN_CONSTANT_CONVERSION = YES;
				CLANG_WARN_DEPRECATED_OBJC_IMPLEMENTATIONS = YES;
				CLANG_WARN_DIRECT_OBJC_ISA_USAGE = YES_ERROR;
				CLANG_WARN_DOCUMENTATION_COMMENTS = YES;
				CLANG_WARN_EMPTY_BODY = YES;
				CLANG_WARN_ENUM_CONVERSION = YES;
				CLANG_WARN_INFINITE_RECURSION = YES;
				CLANG_WARN_INT_CONVERSION = YES;
				CLANG_WARN_NON_LITERAL_NULL_CONVERSION = YES;
				CLANG_WARN_OBJC_IMPLICIT_RETAIN_SELF = YES;
				CLANG_WARN_OBJC_LITERAL_CONVERSION = YES;
				CLANG_WARN_OBJC_ROOT_CLASS = YES_ERROR;
				CLANG_WARN_QUOTED_INCLUDE_IN_FRAMEWORK_HEADER = YES;
				CLANG_WARN_RANGE_LOOP_ANALYSIS = YES;
				CLANG_WARN_STRICT_PROTOTYPES = YES;
				CLANG_WARN_SUSPICIOUS_MOVE = YES;
				CLANG_WARN_UNGUARDED_AVAILABILITY = YES_AGGRESSIVE;
				CLANG_WARN_UNREACHABLE_CODE = YES;
				CLANG_WARN__DUPLICATE_METHOD_MATCH = YES;
				COPY_PHASE_STRIP = NO;
				DEBUG_INFORMATION_FORMAT = dwarf;
				ENABLE_STRICT_OBJC_MSGSEND = YES;
				ENABLE_TESTABILITY = YES;
				GCC_C_LANGUAGE_STANDARD = gnu11;
				GCC_DYNAMIC_NO_PIC = NO;
				GCC_NO_COMMON_BLOCKS = YES;
				GCC_OPTIMIZATION_LEVEL = 0;
				GCC_PREPROCESSOR_DEFINITIONS = (
					"DEBUG=1",
					"$(inherited)",
				);
				GCC_WARN_64_TO_32_BIT_CONVERSION = YES;
				GCC_WARN_ABOUT_RETURN_TYPE = YES_ERROR;
				GCC_WARN_UNDECLARED_SELECTOR = YES;
				GCC_WARN_UNINITIALIZED_AUTOS = YES_AGGRESSIVE;
				GCC_WARN_UNUSED_FUNCTION = YES;
				GCC_WARN_UNUSED_VARIABLE = YES;
				IPHONEOS_DEPLOYMENT_TARGET = 16.2;
				MTL_ENABLE_DEBUG_INFO = INCLUDE_SOURCE;
				MTL_FAST_MATH = YES;
				ONLY_ACTIVE_ARCH = YES;
				SDKROOT = iphoneos;
				SWIFT_ACTIVE_COMPILATION_CONDITIONS = DEBUG;
				SWIFT_OPTIMIZATION_LEVEL = "-Onone";
			};
			name = Debug;
		};
		8B2C566B2A3D856000076375 /* Release */ = {
			isa = XCBuildConfiguration;
			buildSettings = {
				ALWAYS_SEARCH_USER_PATHS = NO;
				CLANG_ANALYZER_NONNULL = YES;
				CLANG_ANALYZER_NUMBER_OBJECT_CONVERSION = YES_AGGRESSIVE;
				CLANG_CXX_LANGUAGE_STANDARD = "gnu++20";
				CLANG_ENABLE_MODULES = YES;
				CLANG_ENABLE_OBJC_ARC = YES;
				CLANG_ENABLE_OBJC_WEAK = YES;
				CLANG_WARN_BLOCK_CAPTURE_AUTORELEASING = YES;
				CLANG_WARN_BOOL_CONVERSION = YES;
				CLANG_WARN_COMMA = YES;
				CLANG_WARN_CONSTANT_CONVERSION = YES;
				CLANG_WARN_DEPRECATED_OBJC_IMPLEMENTATIONS = YES;
				CLANG_WARN_DIRECT_OBJC_ISA_USAGE = YES_ERROR;
				CLANG_WARN_DOCUMENTATION_COMMENTS = YES;
				CLANG_WARN_EMPTY_BODY = YES;
				CLANG_WARN_ENUM_CONVERSION = YES;
				CLANG_WARN_INFINITE_RECURSION = YES;
				CLANG_WARN_INT_CONVERSION = YES;
				CLANG_WARN_NON_LITERAL_NULL_CONVERSION = YES;
				CLANG_WARN_OBJC_IMPLICIT_RETAIN_SELF = YES;
				CLANG_WARN_OBJC_LITERAL_CONVERSION = YES;
				CLANG_WARN_OBJC_ROOT_CLASS = YES_ERROR;
				CLANG_WARN_QUOTED_INCLUDE_IN_FRAMEWORK_HEADER = YES;
				CLANG_WARN_RANGE_LOOP_ANALYSIS = YES;
				CLANG_WARN_STRICT_PROTOTYPES = YES;
				CLANG_WARN_SUSPICIOUS_MOVE = YES;
				CLANG_WARN_UNGUARDED_AVAILABILITY = YES_AGGRESSIVE;
				CLANG_WARN_UNREACHABLE_CODE = YES;
				CLANG_WARN__DUPLICATE_METHOD_MATCH = YES;
				COPY_PHASE_STRIP = NO;
				DEBUG_INFORMATION_FORMAT = "dwarf-with-dsym";
				ENABLE_NS_ASSERTIONS = NO;
				ENABLE_STRICT_OBJC_MSGSEND = YES;
				GCC_C_LANGUAGE_STANDARD = gnu11;
				GCC_NO_COMMON_BLOCKS = YES;
				GCC_WARN_64_TO_32_BIT_CONVERSION = YES;
				GCC_WARN_ABOUT_RETURN_TYPE = YES_ERROR;
				GCC_WARN_UNDECLARED_SELECTOR = YES;
				GCC_WARN_UNINITIALIZED_AUTOS = YES_AGGRESSIVE;
				GCC_WARN_UNUSED_FUNCTION = YES;
				GCC_WARN_UNUSED_VARIABLE = YES;
				IPHONEOS_DEPLOYMENT_TARGET = 16.2;
				MTL_ENABLE_DEBUG_INFO = NO;
				MTL_FAST_MATH = YES;
				SDKROOT = iphoneos;
				SWIFT_COMPILATION_MODE = wholemodule;
				SWIFT_OPTIMIZATION_LEVEL = "-O";
				VALIDATE_PRODUCT = YES;
			};
			name = Release;
		};
		8B2C566D2A3D856000076375 /* Debug */ = {
			isa = XCBuildConfiguration;
			buildSettings = {
				ASSETCATALOG_COMPILER_APPICON_NAME = AppIcon;
				ASSETCATALOG_COMPILER_GLOBAL_ACCENT_COLOR_NAME = AccentColor;
				CODE_SIGN_STYLE = Automatic;
				CURRENT_PROJECT_VERSION = 1;
				DEVELOPMENT_ASSET_PATHS = "\"finalproject/Preview Content\"";
				DEVELOPMENT_TEAM = BDM6WR77U2;
				ENABLE_PREVIEWS = YES;
				GENERATE_INFOPLIST_FILE = YES;
				INFOPLIST_FILE = finalproject/Info.plist;
				INFOPLIST_KEY_CFBundleDisplayName = RecordKcal;
				INFOPLIST_KEY_UIApplicationSceneManifest_Generation = YES;
				INFOPLIST_KEY_UIApplicationSupportsIndirectInputEvents = YES;
				INFOPLIST_KEY_UILaunchScreen_Generation = YES;
				INFOPLIST_KEY_UILaunchStoryboardName = "Launch Screen.storyboard";
				INFOPLIST_KEY_UISupportedInterfaceOrientations = "UIInterfaceOrientationLandscapeLeft UIInterfaceOrientationLandscapeRight UIInterfaceOrientationPortrait UIInterfaceOrientationPortraitUpsideDown";
				LD_RUNPATH_SEARCH_PATHS = (
					"$(inherited)",
					"@executable_path/Frameworks",
				);
				MARKETING_VERSION = 1.0;
				PRODUCT_BUNDLE_IDENTIFIER = cn.edu.cn.3200300162.finalproject;
				PRODUCT_NAME = "$(TARGET_NAME)";
				SWIFT_EMIT_LOC_STRINGS = YES;
				SWIFT_VERSION = 5.0;
				TARGETED_DEVICE_FAMILY = "1,2";
			};
			name = Debug;
		};
		8B2C566E2A3D856000076375 /* Release */ = {
			isa = XCBuildConfiguration;
			buildSettings = {
				ASSETCATALOG_COMPILER_APPICON_NAME = AppIcon;
				ASSETCATALOG_COMPILER_GLOBAL_ACCENT_COLOR_NAME = AccentColor;
				CODE_SIGN_STYLE = Automatic;
				CURRENT_PROJECT_VERSION = 1;
				DEVELOPMENT_ASSET_PATHS = "\"finalproject/Preview Content\"";
				DEVELOPMENT_TEAM = BDM6WR77U2;
				ENABLE_PREVIEWS = YES;
				GENERATE_INFOPLIST_FILE = YES;
				INFOPLIST_FILE = finalproject/Info.plist;
				INFOPLIST_KEY_CFBundleDisplayName = RecordKcal;
				INFOPLIST_KEY_UIApplicationSceneManifest_Generation = YES;
				INFOPLIST_KEY_UIApplicationSupportsIndirectInputEvents = YES;
				INFOPLIST_KEY_UILaunchScreen_Generation = YES;
				INFOPLIST_KEY_UILaunchStoryboardName = "Launch Screen.storyboard";
				INFOPLIST_KEY_UISupportedInterfaceOrientations = "UIInterfaceOrientationLandscapeLeft UIInterfaceOrientationLandscapeRight UIInterfaceOrientationPortrait UIInterfaceOrientationPortraitUpsideDown";
				LD_RUNPATH_SEARCH_PATHS = (
					"$(inherited)",
					"@executable_path/Frameworks",
				);
				MARKETING_VERSION = 1.0;
				PRODUCT_BUNDLE_IDENTIFIER = cn.edu.cn.3200300162.finalproject;
				PRODUCT_NAME = "$(TARGET_NAME)";
				SWIFT_EMIT_LOC_STRINGS = YES;
				SWIFT_VERSION = 5.0;
				TARGETED_DEVICE_FAMILY = "1,2";
			};
			name = Release;
		};
/* End XCBuildConfiguration section */

/* Begin XCConfigurationList section */
		8B2C56542A3D855E00076375 /* Build configuration list for PBXProject "finalproject" */ = {
			isa = XCConfigurationList;
			buildConfigurations = (
				8B2C566A2A3D856000076375 /* Debug */,
				8B2C566B2A3D856000076375 /* Release */,
			);
			defaultConfigurationIsVisible = 0;
			defaultConfigurationName = Release;
		};
		8B2C566C2A3D856000076375 /* Build configuration list for PBXNativeTarget "finalproject" */ = {
			isa = XCConfigurationList;
			buildConfigurations = (
				8B2C566D2A3D856000076375 /* Debug */,
				8B2C566E2A3D856000076375 /* Release */,
			);
			defaultConfigurationIsVisible = 0;
			defaultConfigurationName = Release;
		};
/* End XCConfigurationList section */

/* Begin XCVersionGroup section */
		8B2C56672A3D856000076375 /* finalproject.xcdatamodeld */ = {
			isa = XCVersionGroup;
			children = (
				8B2C56682A3D856000076375 /* finalproject.xcdatamodel */,
			);
			currentVersion = 8B2C56682A3D856000076375 /* finalproject.xcdatamodel */;
			path = finalproject.xcdatamodeld;
			sourceTree = "<group>";
			versionGroupType = wrapper.xcdatamodel;
		};
/* End XCVersionGroup section */
	};
	rootObject = 8B2C56512A3D855E00076375 /* Project object */;
}
